{
  "name": "tool-calling-foundry-local",
  "version": "1.0.0",
  "lockfileVersion": 3,
  "requires": true,
  "packages": {
    "": {
      "name": "tool-calling-foundry-local",
      "version": "1.0.0",
      "dependencies": {
        "foundry-local-sdk": "latest",
        "openai": "^6.25.0"
      },
      "optionalDependencies": {
        "foundry-local-sdk-winml": "latest"
      }
    },
    "node_modules/adm-zip": {
      "version": "0.5.17",
      "resolved": "https://registry.npmjs.org/adm-zip/-/adm-zip-0.5.17.tgz",
      "integrity": "sha512-+Ut8d9LLqwEvHHJl1+PIHqoyDxFgVN847JTVM3Izi3xHDWPE4UtzzXysMZQs64DMcrJfBeS/uoEP4AD3HQHnQQ==",
      "license": "MIT",
      "engines": {
        "node": ">=12.0"
      }
    },
    "node_modules/foundry-local-sdk": {
      "version": "1.2.0",
      "resolved": "https://registry.npmjs.org/foundry-local-sdk/-/foundry-local-sdk-1.2.0.tgz",
      "integrity": "sha512-bnhJqWuaVQgQ7zAN3OG7KrsvM09aXFYZkgGb54Jf8tcC277Iy0gi9TtUaztvPeW4CnkII0wUJlogz10zreY+qg==",
      "hasInstallScript": true,
      "license": "MIT",
      "dependencies": {
        "adm-zip": "^0.5.16"
      }
    },
    "node_modules/foundry-local-sdk-winml": {
      "version": "1.2.0",
      "resolved": "https://registry.npmjs.org/foundry-local-sdk-winml/-/foundry-local-sdk-winml-1.2.0.tgz",
      "integrity": "sha512-Pwwh5EFemTPrwcm/DtUAytNA1tF2GmW/QGyPD92PW6K0IraUQcLzeJM4tKCd2auxZCWcyLczqzsnwiAQ5jdjng==",
      "hasInstallScript": true,
      "license": "MIT",
      "optional": true,
      "dependencies": {
        "foundry-local-sdk": "1.2.0"
      }
    },
    "node_modules/openai": {
      "version": "6.42.0",
      "resolved": "https://registry.npmjs.org/openai/-/openai-6.42.0.tgz",
      "integrity": "sha512-1WFEt/uXMXOLhYRNkgJWo08Y2YNvNwpVU72K7ibrWgWpNOXd4VojXLbe6SQ4bLiUQ3Y8jz4IiyVkylJCL1DtZg==",
      "license": "Apache-2.0",
      "peerDependencies": {
        "ws": "^8.18.0",
        "zod": "^3.25 || ^4.0"
      },
      "peerDependenciesMeta": {
        "ws": {
          "optional": true
        },
        "zod": {
          "optional": true
        }
      }
    }
  }
}
