{
  "name": "chat-and-audio-foundry-local",
  "version": "1.0.0",
  "lockfileVersion": 3,
  "requires": true,
  "packages": {
    "": {
      "name": "chat-and-audio-foundry-local",
      "version": "1.0.0",
      "dependencies": {
        "foundry-local-sdk": "latest"
      },
      "optionalDependencies": {
        "foundry-local-sdk-winml": "latest"
      }
    },
    "node_modules/adm-zip": {
      "version": "0.5.16",
      "resolved": "https://pkgs.dev.azure.com/aiinfra/PublicPackages/_packaging/ORT-Nightly/npm/registry/adm-zip/-/adm-zip-0.5.16.tgz",
      "integrity": "sha1-C15Md58H3t6lgFzcyxFHBx2UqQk=",
      "license": "MIT",
      "engines": {
        "node": ">=12.0"
      }
    },
    "node_modules/foundry-local-sdk": {
      "version": "1.3.0-dev.202605292238",
      "resolved": "https://pkgs.dev.azure.com/aiinfra/PublicPackages/_packaging/ORT-Nightly/npm/registry/foundry-local-sdk/-/foundry-local-sdk-1.3.0-dev.202605292238.tgz",
      "integrity": "sha1-eqRE8yz6gDXO6D6NiqOETfjCzPk=",
      "hasInstallScript": true,
      "license": "MIT",
      "dependencies": {
        "adm-zip": "^0.5.16"
      }
    },
    "node_modules/foundry-local-sdk-winml": {
      "version": "1.3.0-dev.202605292238",
      "resolved": "https://pkgs.dev.azure.com/aiinfra/PublicPackages/_packaging/ORT-Nightly/npm/registry/foundry-local-sdk-winml/-/foundry-local-sdk-winml-1.3.0-dev.202605292238.tgz",
      "integrity": "sha1-xvqd3Jbp8wSm+3YPjqGI+5qiRFY=",
      "hasInstallScript": true,
      "license": "MIT",
      "optional": true,
      "dependencies": {
        "foundry-local-sdk": "1.3.0-dev.202605292238"
      }
    }
  }
}
